{
  "version": 4,
  "terraform_version": "1.4.4",
  "serial": 39,
  "lineage": "ec16d326-bacc-4425-b67c-07f3f8a0d2e7",
  "outputs": {
    "public_ip_address": {
      "value": "20.120.4.37",
      "type": "string"
    },
    "rg_id": {
      "value": "/subscriptions/59b14251-463b-4516-9fb2-bfbe1c43fb59/resourceGroups/ic7602-proyecto1",
      "type": "string"
    },
    "rg_name": {
      "value": "ic7602-proyecto1",
      "type": "string"
    }
  },
  "resources": [
    {
      "mode": "managed",
      "type": "azurerm_network_interface",
      "name": "main",
      "provider": "provider[\"registry.terraform.io/hashicorp/azurerm\"]",
      "instances": [
        {
          "schema_version": 0,
          "attributes": {
            "applied_dns_servers": [],
            "dns_servers": [],
            "edge_zone": "",
            "enable_accelerated_networking": false,
            "enable_ip_forwarding": false,
            "id": "/subscriptions/59b14251-463b-4516-9fb2-bfbe1c43fb59/resourceGroups/ic7602-proyecto1/providers/Microsoft.Network/networkInterfaces/proyecto1-nic",
            "internal_dns_name_label": "",
            "internal_domain_name_suffix": "2fvnszpz1cpuphg2glwpco43qd.bx.internal.cloudapp.net",
            "ip_configuration": [
              {
                "gateway_load_balancer_frontend_ip_configuration_id": "",
                "name": "main",
                "primary": true,
                "private_ip_address": "10.0.2.4",
                "private_ip_address_allocation": "Dynamic",
                "private_ip_address_version": "IPv4",
                "public_ip_address_id": "/subscriptions/59b14251-463b-4516-9fb2-bfbe1c43fb59/resourceGroups/ic7602-proyecto1/providers/Microsoft.Network/publicIPAddresses/proyecto1-ip",
                "subnet_id": "/subscriptions/59b14251-463b-4516-9fb2-bfbe1c43fb59/resourceGroups/ic7602-proyecto1/providers/Microsoft.Network/virtualNetworks/proyecto1-network/subnets/main"
              }
            ],
            "location": "eastus",
            "mac_address": "",
            "name": "proyecto1-nic",
            "private_ip_address": "10.0.2.4",
            "private_ip_addresses": [
              "10.0.2.4"
            ],
            "resource_group_name": "ic7602-proyecto1",
            "tags": null,
            "timeouts": null,
            "virtual_machine_id": ""
          },
          "sensitive_attributes": [],
          "private": "eyJlMmJmYjczMC1lY2FhLTExZTYtOGY4OC0zNDM2M2JjN2M0YzAiOnsiY3JlYXRlIjoxODAwMDAwMDAwMDAwLCJkZWxldGUiOjE4MDAwMDAwMDAwMDAsInJlYWQiOjMwMDAwMDAwMDAwMCwidXBkYXRlIjoxODAwMDAwMDAwMDAwfX0=",
          "dependencies": [
            "azurerm_public_ip.main",
            "azurerm_resource_group.main",
            "azurerm_subnet.main",
            "azurerm_virtual_network.main"
          ]
        }
      ]
    },
    {
      "mode": "managed",
      "type": "azurerm_public_ip",
      "name": "main",
      "provider": "provider[\"registry.terraform.io/hashicorp/azurerm\"]",
      "instances": [
        {
          "schema_version": 0,
          "attributes": {
            "allocation_method": "Static",
            "ddos_protection_mode": "VirtualNetworkInherited",
            "ddos_protection_plan_id": null,
            "domain_name_label": null,
            "edge_zone": "",
            "fqdn": null,
            "id": "/subscriptions/59b14251-463b-4516-9fb2-bfbe1c43fb59/resourceGroups/ic7602-proyecto1/providers/Microsoft.Network/publicIPAddresses/proyecto1-ip",
            "idle_timeout_in_minutes": 4,
            "ip_address": "20.120.4.37",
            "ip_tags": null,
            "ip_version": "IPv4",
            "location": "eastus",
            "name": "proyecto1-ip",
            "public_ip_prefix_id": null,
            "resource_group_name": "ic7602-proyecto1",
            "reverse_fqdn": null,
            "sku": "Basic",
            "sku_tier": "Regional",
            "tags": null,
            "timeouts": null,
            "zones": null
          },
          "sensitive_attributes": [],
          "private": "eyJlMmJmYjczMC1lY2FhLTExZTYtOGY4OC0zNDM2M2JjN2M0YzAiOnsiY3JlYXRlIjoxODAwMDAwMDAwMDAwLCJkZWxldGUiOjE4MDAwMDAwMDAwMDAsInJlYWQiOjMwMDAwMDAwMDAwMCwidXBkYXRlIjoxODAwMDAwMDAwMDAwfX0=",
          "dependencies": [
            "azurerm_resource_group.main"
          ]
        }
      ]
    },
    {
      "mode": "managed",
      "type": "azurerm_resource_group",
      "name": "main",
      "provider": "provider[\"registry.terraform.io/hashicorp/azurerm\"]",
      "instances": [
        {
          "schema_version": 0,
          "attributes": {
            "id": "/subscriptions/59b14251-463b-4516-9fb2-bfbe1c43fb59/resourceGroups/ic7602-proyecto1",
            "location": "eastus",
            "name": "ic7602-proyecto1",
            "tags": {},
            "timeouts": {
              "create": null,
              "delete": null,
              "read": null,
              "update": null
            }
          },
          "sensitive_attributes": [],
          "private": "eyJlMmJmYjczMC1lY2FhLTExZTYtOGY4OC0zNDM2M2JjN2M0YzAiOnsiY3JlYXRlIjo1NDAwMDAwMDAwMDAwLCJkZWxldGUiOjU0MDAwMDAwMDAwMDAsInJlYWQiOjMwMDAwMDAwMDAwMCwidXBkYXRlIjo1NDAwMDAwMDAwMDAwfSwic2NoZW1hX3ZlcnNpb24iOiIwIn0="
        }
      ]
    },
    {
      "mode": "managed",
      "type": "azurerm_subnet",
      "name": "main",
      "provider": "provider[\"registry.terraform.io/hashicorp/azurerm\"]",
      "instances": [
        {
          "schema_version": 0,
          "attributes": {
            "address_prefixes": [
              "10.0.2.0/24"
            ],
            "delegation": [],
            "enforce_private_link_endpoint_network_policies": false,
            "enforce_private_link_service_network_policies": false,
            "id": "/subscriptions/59b14251-463b-4516-9fb2-bfbe1c43fb59/resourceGroups/ic7602-proyecto1/providers/Microsoft.Network/virtualNetworks/proyecto1-network/subnets/main",
            "name": "main",
            "private_endpoint_network_policies_enabled": true,
            "private_link_service_network_policies_enabled": true,
            "resource_group_name": "ic7602-proyecto1",
            "service_endpoint_policy_ids": null,
            "service_endpoints": null,
            "timeouts": null,
            "virtual_network_name": "proyecto1-network"
          },
          "sensitive_attributes": [],
          "private": "eyJlMmJmYjczMC1lY2FhLTExZTYtOGY4OC0zNDM2M2JjN2M0YzAiOnsiY3JlYXRlIjoxODAwMDAwMDAwMDAwLCJkZWxldGUiOjE4MDAwMDAwMDAwMDAsInJlYWQiOjMwMDAwMDAwMDAwMCwidXBkYXRlIjoxODAwMDAwMDAwMDAwfX0=",
          "dependencies": [
            "azurerm_resource_group.main",
            "azurerm_virtual_network.main"
          ]
        }
      ]
    },
    {
      "mode": "managed",
      "type": "azurerm_virtual_machine",
      "name": "main",
      "provider": "provider[\"registry.terraform.io/hashicorp/azurerm\"]",
      "instances": [
        {
          "schema_version": 0,
          "attributes": {
            "additional_capabilities": [],
            "availability_set_id": null,
            "boot_diagnostics": [],
            "delete_data_disks_on_termination": false,
            "delete_os_disk_on_termination": false,
            "id": "/subscriptions/59b14251-463b-4516-9fb2-bfbe1c43fb59/resourceGroups/ic7602-proyecto1/providers/Microsoft.Compute/virtualMachines/proyecto1-vm",
            "identity": [],
            "license_type": null,
            "location": "eastus",
            "name": "proyecto1-vm",
            "network_interface_ids": [
              "/subscriptions/59b14251-463b-4516-9fb2-bfbe1c43fb59/resourceGroups/ic7602-proyecto1/providers/Microsoft.Network/networkInterfaces/proyecto1-nic"
            ],
            "os_profile": [
              {
                "admin_password": "",
                "admin_username": "iusr",
                "computer_name": "proyecto1",
                "custom_data": ""
              }
            ],
            "os_profile_linux_config": [
              {
                "disable_password_authentication": true,
                "ssh_keys": [
                  {
                    "key_data": "ssh-rsa AAAAB3NzaC1yc2EAAAADAQABAAABgQDz13loAEtBe8Ki8yvdGFKh66DhwPvKVNpg7lvodRDCEa2auubVmOOwG0SBb6R3DA1Di9SDV24w7eVgGr5w+fYix/4wi2+/HRfivxYFxwOXrJt8VlYK0MtE+VKfwMfYydYu63dy0q/HYevNL4guwQMGSrVhHS0vr7wi4h7tSGmPshVpQ/hom+fFE8KbPTcAk0dmBaOHtDUkg1IjOw0d9mlkSlR1SeIT6ml6Fv1T1WQcfbdz3IFMUFH4V0Adl9eKeEuoJpWEJbRfWveK62Mt3uT/bpaxQPbCvTRTHzBW0yZzzpPdnevHlEmTmIuiQQNIJgYnzCSLHANWEfnE7vSZYOlZL/cXAldHHyEXs/JFtd8apFow3wbx+lJLJaWlYGBeOZtOtqs4IfcqNl7Uf0pEoEHnAsymYEyHw25pytbIZ4sGjmwt48DSb6dRl76VrGLp6lXSPjfgZeuaZ/EKJqGS2I+MC5iCt+ekHp2vDjBgV4CSJpq8U+YyAt8nIBK2GiPd1G0= jarod@jarod-Inspiron-5570\n",
                    "path": "/home/iusr/.ssh/authorized_keys"
                  }
                ]
              }
            ],
            "os_profile_secrets": [],
            "os_profile_windows_config": [],
            "plan": [],
            "primary_network_interface_id": null,
            "proximity_placement_group_id": null,
            "resource_group_name": "ic7602-proyecto1",
            "storage_data_disk": [],
            "storage_image_reference": [
              {
                "id": "",
                "offer": "UbuntuServer",
                "publisher": "Canonical",
                "sku": "18.04-LTS",
                "version": "latest"
              }
            ],
            "storage_os_disk": [
              {
                "caching": "ReadWrite",
                "create_option": "FromImage",
                "disk_size_gb": 30,
                "image_uri": "",
                "managed_disk_id": "/subscriptions/59b14251-463b-4516-9fb2-bfbe1c43fb59/resourceGroups/ic7602-proyecto1/providers/Microsoft.Compute/disks/proyecto1vm",
                "managed_disk_type": "Standard_LRS",
                "name": "proyecto1vm",
                "os_type": "Linux",
                "vhd_uri": "",
                "write_accelerator_enabled": false
              }
            ],
            "tags": null,
            "timeouts": null,
            "vm_size": "Standard_B1s",
            "zones": null
          },
          "sensitive_attributes": [],
          "private": "eyJlMmJmYjczMC1lY2FhLTExZTYtOGY4OC0zNDM2M2JjN2M0YzAiOnsiY3JlYXRlIjozNjAwMDAwMDAwMDAwLCJkZWxldGUiOjM2MDAwMDAwMDAwMDAsInJlYWQiOjMwMDAwMDAwMDAwMCwidXBkYXRlIjozNjAwMDAwMDAwMDAwfX0=",
          "dependencies": [
            "azurerm_network_interface.main",
            "azurerm_public_ip.main",
            "azurerm_resource_group.main",
            "azurerm_subnet.main",
            "azurerm_virtual_network.main"
          ]
        }
      ]
    },
    {
      "mode": "managed",
      "type": "azurerm_virtual_network",
      "name": "main",
      "provider": "provider[\"registry.terraform.io/hashicorp/azurerm\"]",
      "instances": [
        {
          "schema_version": 0,
          "attributes": {
            "address_space": [
              "10.0.0.0/16"
            ],
            "bgp_community": "",
            "ddos_protection_plan": [],
            "dns_servers": [],
            "edge_zone": "",
            "flow_timeout_in_minutes": 0,
            "guid": "65d96ae1-d8f9-479f-9cdc-32ecf13bdd83",
            "id": "/subscriptions/59b14251-463b-4516-9fb2-bfbe1c43fb59/resourceGroups/ic7602-proyecto1/providers/Microsoft.Network/virtualNetworks/proyecto1-network",
            "location": "eastus",
            "name": "proyecto1-network",
            "resource_group_name": "ic7602-proyecto1",
            "subnet": [],
            "tags": null,
            "timeouts": null
          },
          "sensitive_attributes": [],
          "private": "eyJlMmJmYjczMC1lY2FhLTExZTYtOGY4OC0zNDM2M2JjN2M0YzAiOnsiY3JlYXRlIjoxODAwMDAwMDAwMDAwLCJkZWxldGUiOjE4MDAwMDAwMDAwMDAsInJlYWQiOjMwMDAwMDAwMDAwMCwidXBkYXRlIjoxODAwMDAwMDAwMDAwfX0=",
          "dependencies": [
            "azurerm_resource_group.main"
          ]
        }
      ]
    }
  ],
  "check_results": null
}
