{
  "version": 4,
  "terraform_version": "1.4.4",
  "serial": 69,
  "lineage": "83b52946-8561-4c76-118f-1b0124577e95",
  "outputs": {
    "rg_id": {
      "value": "/subscriptions/75a21a4f-da9a-4920-b82c-fddf1b92a15b/resourceGroups/ic7602-proyecto1",
      "type": "string"
    },
    "rg_name": {
      "value": "ic7602-proyecto1",
      "type": "string"
    }
  },
  "resources": [
    {
      "mode": "managed",
      "type": "azurerm_nat_gateway",
      "name": "nat1",
      "provider": "provider[\"registry.terraform.io/hashicorp/azurerm\"]",
      "instances": [
        {
          "schema_version": 0,
          "attributes": {
            "id": "/subscriptions/75a21a4f-da9a-4920-b82c-fddf1b92a15b/resourceGroups/ic7602-proyecto1/providers/Microsoft.Network/natGateways/nat1",
            "idle_timeout_in_minutes": 10,
            "location": "eastus",
            "name": "nat1",
            "resource_group_name": "ic7602-proyecto1",
            "resource_guid": "18721113-52de-40d5-b057-1590f3664a8b",
            "sku_name": "Standard",
            "tags": {},
            "timeouts": null,
            "zones": [
              "1"
            ]
          },
          "sensitive_attributes": [],
          "private": "eyJlMmJmYjczMC1lY2FhLTExZTYtOGY4OC0zNDM2M2JjN2M0YzAiOnsiY3JlYXRlIjozNjAwMDAwMDAwMDAwLCJkZWxldGUiOjM2MDAwMDAwMDAwMDAsInJlYWQiOjMwMDAwMDAwMDAwMCwidXBkYXRlIjozNjAwMDAwMDAwMDAwfX0=",
          "dependencies": [
            "azurerm_resource_group.main"
          ]
        }
      ]
    },
    {
      "mode": "managed",
      "type": "azurerm_nat_gateway_public_ip_association",
      "name": "nat1",
      "provider": "provider[\"registry.terraform.io/hashicorp/azurerm\"]",
      "instances": [
        {
          "schema_version": 0,
          "attributes": {
            "id": "/subscriptions/75a21a4f-da9a-4920-b82c-fddf1b92a15b/resourceGroups/ic7602-proyecto1/providers/Microsoft.Network/natGateways/nat1|/subscriptions/75a21a4f-da9a-4920-b82c-fddf1b92a15b/resourceGroups/ic7602-proyecto1/providers/Microsoft.Network/publicIPAddresses/proyecto1-ip",
            "nat_gateway_id": "/subscriptions/75a21a4f-da9a-4920-b82c-fddf1b92a15b/resourceGroups/ic7602-proyecto1/providers/Microsoft.Network/natGateways/nat1",
            "public_ip_address_id": "/subscriptions/75a21a4f-da9a-4920-b82c-fddf1b92a15b/resourceGroups/ic7602-proyecto1/providers/Microsoft.Network/publicIPAddresses/proyecto1-ip",
            "timeouts": null
          },
          "sensitive_attributes": [],
          "private": "eyJlMmJmYjczMC1lY2FhLTExZTYtOGY4OC0zNDM2M2JjN2M0YzAiOnsiY3JlYXRlIjoxODAwMDAwMDAwMDAwLCJkZWxldGUiOjE4MDAwMDAwMDAwMDAsInJlYWQiOjMwMDAwMDAwMDAwMH19",
          "dependencies": [
            "azurerm_nat_gateway.nat1",
            "azurerm_public_ip.nat1",
            "azurerm_resource_group.main"
          ]
        }
      ]
    },
    {
      "mode": "managed",
      "type": "azurerm_network_interface",
      "name": "subred1",
      "provider": "provider[\"registry.terraform.io/hashicorp/azurerm\"]",
      "instances": [
        {
          "schema_version": 0,
          "attributes": {
            "applied_dns_servers": [],
            "dns_servers": [],
            "edge_zone": "",
            "enable_accelerated_networking": false,
            "enable_ip_forwarding": false,
            "id": "/subscriptions/75a21a4f-da9a-4920-b82c-fddf1b92a15b/resourceGroups/ic7602-proyecto1/providers/Microsoft.Network/networkInterfaces/proyecto1-nic",
            "internal_dns_name_label": "",
            "internal_domain_name_suffix": "mr0ldtx1jt4ehnodwpdf5s4u3f.bx.internal.cloudapp.net",
            "ip_configuration": [
              {
                "gateway_load_balancer_frontend_ip_configuration_id": "",
                "name": "main",
                "primary": true,
                "private_ip_address": "10.0.0.4",
                "private_ip_address_allocation": "Dynamic",
                "private_ip_address_version": "IPv4",
                "public_ip_address_id": "",
                "subnet_id": "/subscriptions/75a21a4f-da9a-4920-b82c-fddf1b92a15b/resourceGroups/ic7602-proyecto1/providers/Microsoft.Network/virtualNetworks/proyecto1-network/subnets/subred1"
              }
            ],
            "location": "eastus",
            "mac_address": "",
            "name": "proyecto1-nic",
            "private_ip_address": "10.0.0.4",
            "private_ip_addresses": [
              "10.0.0.4"
            ],
            "resource_group_name": "ic7602-proyecto1",
            "tags": null,
            "timeouts": null,
            "virtual_machine_id": ""
          },
          "sensitive_attributes": [],
          "private": "eyJlMmJmYjczMC1lY2FhLTExZTYtOGY4OC0zNDM2M2JjN2M0YzAiOnsiY3JlYXRlIjoxODAwMDAwMDAwMDAwLCJkZWxldGUiOjE4MDAwMDAwMDAwMDAsInJlYWQiOjMwMDAwMDAwMDAwMCwidXBkYXRlIjoxODAwMDAwMDAwMDAwfX0=",
          "dependencies": [
            "azurerm_public_ip.nat1",
            "azurerm_resource_group.main",
            "azurerm_subnet.subred1"
          ]
        }
      ]
    },
    {
      "mode": "managed",
      "type": "azurerm_network_security_group",
      "name": "main",
      "provider": "provider[\"registry.terraform.io/hashicorp/azurerm\"]",
      "instances": [
        {
          "schema_version": 0,
          "attributes": {
            "id": "/subscriptions/75a21a4f-da9a-4920-b82c-fddf1b92a15b/resourceGroups/ic7602-proyecto1/providers/Microsoft.Network/networkSecurityGroups/main-sg",
            "location": "eastus",
            "name": "main-sg",
            "resource_group_name": "ic7602-proyecto1",
            "security_rule": [
              {
                "access": "Allow",
                "description": "",
                "destination_address_prefix": "*",
                "destination_address_prefixes": [],
                "destination_application_security_group_ids": [],
                "destination_port_range": "*",
                "destination_port_ranges": [],
                "direction": "Outbound",
                "name": "OutboundUDP",
                "priority": 100,
                "protocol": "Udp",
                "source_address_prefix": "*",
                "source_address_prefixes": [],
                "source_application_security_group_ids": [],
                "source_port_range": "*",
                "source_port_ranges": []
              },
              {
                "access": "Allow",
                "description": "",
                "destination_address_prefix": "*",
                "destination_address_prefixes": [],
                "destination_application_security_group_ids": [],
                "destination_port_range": "22",
                "destination_port_ranges": [],
                "direction": "Inbound",
                "name": "Inbound22",
                "priority": 107,
                "protocol": "Tcp",
                "source_address_prefix": "*",
                "source_address_prefixes": [],
                "source_application_security_group_ids": [],
                "source_port_range": "*",
                "source_port_ranges": []
              },
              {
                "access": "Allow",
                "description": "",
                "destination_address_prefix": "*",
                "destination_address_prefixes": [],
                "destination_application_security_group_ids": [],
                "destination_port_range": "22",
                "destination_port_ranges": [],
                "direction": "Outbound",
                "name": "Outbound22",
                "priority": 106,
                "protocol": "Tcp",
                "source_address_prefix": "*",
                "source_address_prefixes": [],
                "source_application_security_group_ids": [],
                "source_port_range": "*",
                "source_port_ranges": []
              },
              {
                "access": "Allow",
                "description": "",
                "destination_address_prefix": "*",
                "destination_address_prefixes": [],
                "destination_application_security_group_ids": [],
                "destination_port_range": "443",
                "destination_port_ranges": [],
                "direction": "Inbound",
                "name": "Inbound443",
                "priority": 104,
                "protocol": "Tcp",
                "source_address_prefix": "*",
                "source_address_prefixes": [],
                "source_application_security_group_ids": [],
                "source_port_range": "*",
                "source_port_ranges": []
              },
              {
                "access": "Allow",
                "description": "",
                "destination_address_prefix": "*",
                "destination_address_prefixes": [],
                "destination_application_security_group_ids": [],
                "destination_port_range": "443",
                "destination_port_ranges": [],
                "direction": "Outbound",
                "name": "Outbound443",
                "priority": 101,
                "protocol": "Tcp",
                "source_address_prefix": "*",
                "source_address_prefixes": [],
                "source_application_security_group_ids": [],
                "source_port_range": "*",
                "source_port_ranges": []
              },
              {
                "access": "Allow",
                "description": "",
                "destination_address_prefix": "*",
                "destination_address_prefixes": [],
                "destination_application_security_group_ids": [],
                "destination_port_range": "80",
                "destination_port_ranges": [],
                "direction": "Inbound",
                "name": "Inbound80",
                "priority": 105,
                "protocol": "Tcp",
                "source_address_prefix": "*",
                "source_address_prefixes": [],
                "source_application_security_group_ids": [],
                "source_port_range": "*",
                "source_port_ranges": []
              },
              {
                "access": "Allow",
                "description": "",
                "destination_address_prefix": "*",
                "destination_address_prefixes": [],
                "destination_application_security_group_ids": [],
                "destination_port_range": "80",
                "destination_port_ranges": [],
                "direction": "Outbound",
                "name": "Outbound80",
                "priority": 102,
                "protocol": "Tcp",
                "source_address_prefix": "*",
                "source_address_prefixes": [],
                "source_application_security_group_ids": [],
                "source_port_range": "*",
                "source_port_ranges": []
              }
            ],
            "tags": {},
            "timeouts": null
          },
          "sensitive_attributes": [],
          "private": "eyJlMmJmYjczMC1lY2FhLTExZTYtOGY4OC0zNDM2M2JjN2M0YzAiOnsiY3JlYXRlIjoxODAwMDAwMDAwMDAwLCJkZWxldGUiOjE4MDAwMDAwMDAwMDAsInJlYWQiOjMwMDAwMDAwMDAwMCwidXBkYXRlIjoxODAwMDAwMDAwMDAwfX0=",
          "dependencies": [
            "azurerm_resource_group.main"
          ]
        }
      ]
    },
    {
      "mode": "managed",
      "type": "azurerm_public_ip",
      "name": "nat1",
      "provider": "provider[\"registry.terraform.io/hashicorp/azurerm\"]",
      "instances": [
        {
          "schema_version": 0,
          "attributes": {
            "allocation_method": "Static",
            "ddos_protection_mode": "VirtualNetworkInherited",
            "ddos_protection_plan_id": null,
            "domain_name_label": null,
            "edge_zone": "",
            "fqdn": null,
            "id": "/subscriptions/75a21a4f-da9a-4920-b82c-fddf1b92a15b/resourceGroups/ic7602-proyecto1/providers/Microsoft.Network/publicIPAddresses/proyecto1-ip",
            "idle_timeout_in_minutes": 4,
            "ip_address": "20.84.94.17",
            "ip_tags": {},
            "ip_version": "IPv4",
            "location": "eastus",
            "name": "proyecto1-ip",
            "public_ip_prefix_id": null,
            "resource_group_name": "ic7602-proyecto1",
            "reverse_fqdn": null,
            "sku": "Standard",
            "sku_tier": "Regional",
            "tags": {},
            "timeouts": null,
            "zones": [
              "1"
            ]
          },
          "sensitive_attributes": [],
          "private": "eyJlMmJmYjczMC1lY2FhLTExZTYtOGY4OC0zNDM2M2JjN2M0YzAiOnsiY3JlYXRlIjoxODAwMDAwMDAwMDAwLCJkZWxldGUiOjE4MDAwMDAwMDAwMDAsInJlYWQiOjMwMDAwMDAwMDAwMCwidXBkYXRlIjoxODAwMDAwMDAwMDAwfX0=",
          "dependencies": [
            "azurerm_resource_group.main"
          ]
        }
      ]
    },
    {
      "mode": "managed",
      "type": "azurerm_resource_group",
      "name": "main",
      "provider": "provider[\"registry.terraform.io/hashicorp/azurerm\"]",
      "instances": [
        {
          "schema_version": 0,
          "attributes": {
            "id": "/subscriptions/75a21a4f-da9a-4920-b82c-fddf1b92a15b/resourceGroups/ic7602-proyecto1",
            "location": "eastus",
            "name": "ic7602-proyecto1",
            "tags": {},
            "timeouts": null
          },
          "sensitive_attributes": [],
          "private": "eyJlMmJmYjczMC1lY2FhLTExZTYtOGY4OC0zNDM2M2JjN2M0YzAiOnsiY3JlYXRlIjo1NDAwMDAwMDAwMDAwLCJkZWxldGUiOjU0MDAwMDAwMDAwMDAsInJlYWQiOjMwMDAwMDAwMDAwMCwidXBkYXRlIjo1NDAwMDAwMDAwMDAwfX0="
        }
      ]
    },
    {
      "mode": "managed",
      "type": "azurerm_route_table",
      "name": "subred1",
      "provider": "provider[\"registry.terraform.io/hashicorp/azurerm\"]",
      "instances": [
        {
          "schema_version": 0,
          "attributes": {
            "disable_bgp_route_propagation": false,
            "id": "/subscriptions/75a21a4f-da9a-4920-b82c-fddf1b92a15b/resourceGroups/ic7602-proyecto1/providers/Microsoft.Network/routeTables/subred1-routetable",
            "location": "eastus",
            "name": "subred1-routetable",
            "resource_group_name": "ic7602-proyecto1",
            "route": [
              {
                "address_prefix": "10.0.4.0/22",
                "name": "route-subred2",
                "next_hop_in_ip_address": "",
                "next_hop_type": "None"
              }
            ],
            "subnets": [
              "/subscriptions/75a21a4f-da9a-4920-b82c-fddf1b92a15b/resourceGroups/ic7602-proyecto1/providers/Microsoft.Network/virtualNetworks/proyecto1-network/subnets/subred1"
            ],
            "tags": {},
            "timeouts": null
          },
          "sensitive_attributes": [],
          "private": "eyJlMmJmYjczMC1lY2FhLTExZTYtOGY4OC0zNDM2M2JjN2M0YzAiOnsiY3JlYXRlIjoxODAwMDAwMDAwMDAwLCJkZWxldGUiOjE4MDAwMDAwMDAwMDAsInJlYWQiOjMwMDAwMDAwMDAwMCwidXBkYXRlIjoxODAwMDAwMDAwMDAwfX0=",
          "dependencies": [
            "azurerm_resource_group.main"
          ]
        }
      ]
    },
    {
      "mode": "managed",
      "type": "azurerm_subnet",
      "name": "subred1",
      "provider": "provider[\"registry.terraform.io/hashicorp/azurerm\"]",
      "instances": [
        {
          "schema_version": 0,
          "attributes": {
            "address_prefixes": [
              "10.0.0.0/22"
            ],
            "delegation": [],
            "enforce_private_link_endpoint_network_policies": false,
            "enforce_private_link_service_network_policies": false,
            "id": "/subscriptions/75a21a4f-da9a-4920-b82c-fddf1b92a15b/resourceGroups/ic7602-proyecto1/providers/Microsoft.Network/virtualNetworks/proyecto1-network/subnets/subred1",
            "name": "subred1",
            "private_endpoint_network_policies_enabled": true,
            "private_link_service_network_policies_enabled": true,
            "resource_group_name": "ic7602-proyecto1",
            "service_endpoint_policy_ids": [],
            "service_endpoints": [],
            "timeouts": null,
            "virtual_network_name": "proyecto1-network"
          },
          "sensitive_attributes": [],
          "private": "eyJlMmJmYjczMC1lY2FhLTExZTYtOGY4OC0zNDM2M2JjN2M0YzAiOnsiY3JlYXRlIjoxODAwMDAwMDAwMDAwLCJkZWxldGUiOjE4MDAwMDAwMDAwMDAsInJlYWQiOjMwMDAwMDAwMDAwMCwidXBkYXRlIjoxODAwMDAwMDAwMDAwfX0=",
          "dependencies": [
            "azurerm_resource_group.main",
            "azurerm_virtual_network.vnetwork"
          ]
        }
      ]
    },
    {
      "mode": "managed",
      "type": "azurerm_subnet",
      "name": "subred2",
      "provider": "provider[\"registry.terraform.io/hashicorp/azurerm\"]",
      "instances": [
        {
          "schema_version": 0,
          "attributes": {
            "address_prefixes": [
              "10.0.4.0/22"
            ],
            "delegation": [],
            "enforce_private_link_endpoint_network_policies": false,
            "enforce_private_link_service_network_policies": false,
            "id": "/subscriptions/75a21a4f-da9a-4920-b82c-fddf1b92a15b/resourceGroups/ic7602-proyecto1/providers/Microsoft.Network/virtualNetworks/proyecto1-network/subnets/subred2",
            "name": "subred2",
            "private_endpoint_network_policies_enabled": true,
            "private_link_service_network_policies_enabled": true,
            "resource_group_name": "ic7602-proyecto1",
            "service_endpoint_policy_ids": [],
            "service_endpoints": [],
            "timeouts": null,
            "virtual_network_name": "proyecto1-network"
          },
          "sensitive_attributes": [],
          "private": "eyJlMmJmYjczMC1lY2FhLTExZTYtOGY4OC0zNDM2M2JjN2M0YzAiOnsiY3JlYXRlIjoxODAwMDAwMDAwMDAwLCJkZWxldGUiOjE4MDAwMDAwMDAwMDAsInJlYWQiOjMwMDAwMDAwMDAwMCwidXBkYXRlIjoxODAwMDAwMDAwMDAwfX0=",
          "dependencies": [
            "azurerm_resource_group.main",
            "azurerm_virtual_network.vnetwork"
          ]
        }
      ]
    },
    {
      "mode": "managed",
      "type": "azurerm_subnet",
      "name": "subred3",
      "provider": "provider[\"registry.terraform.io/hashicorp/azurerm\"]",
      "instances": [
        {
          "schema_version": 0,
          "attributes": {
            "address_prefixes": [
              "10.0.8.0/22"
            ],
            "delegation": [],
            "enforce_private_link_endpoint_network_policies": false,
            "enforce_private_link_service_network_policies": false,
            "id": "/subscriptions/75a21a4f-da9a-4920-b82c-fddf1b92a15b/resourceGroups/ic7602-proyecto1/providers/Microsoft.Network/virtualNetworks/proyecto1-network/subnets/subred3",
            "name": "subred3",
            "private_endpoint_network_policies_enabled": true,
            "private_link_service_network_policies_enabled": true,
            "resource_group_name": "ic7602-proyecto1",
            "service_endpoint_policy_ids": [],
            "service_endpoints": [],
            "timeouts": null,
            "virtual_network_name": "proyecto1-network"
          },
          "sensitive_attributes": [],
          "private": "eyJlMmJmYjczMC1lY2FhLTExZTYtOGY4OC0zNDM2M2JjN2M0YzAiOnsiY3JlYXRlIjoxODAwMDAwMDAwMDAwLCJkZWxldGUiOjE4MDAwMDAwMDAwMDAsInJlYWQiOjMwMDAwMDAwMDAwMCwidXBkYXRlIjoxODAwMDAwMDAwMDAwfX0=",
          "dependencies": [
            "azurerm_resource_group.main",
            "azurerm_virtual_network.vnetwork"
          ]
        }
      ]
    },
    {
      "mode": "managed",
      "type": "azurerm_subnet_nat_gateway_association",
      "name": "subred1",
      "provider": "provider[\"registry.terraform.io/hashicorp/azurerm\"]",
      "instances": [
        {
          "schema_version": 0,
          "attributes": {
            "id": "/subscriptions/75a21a4f-da9a-4920-b82c-fddf1b92a15b/resourceGroups/ic7602-proyecto1/providers/Microsoft.Network/virtualNetworks/proyecto1-network/subnets/subred1",
            "nat_gateway_id": "/subscriptions/75a21a4f-da9a-4920-b82c-fddf1b92a15b/resourceGroups/ic7602-proyecto1/providers/Microsoft.Network/natGateways/nat1",
            "subnet_id": "/subscriptions/75a21a4f-da9a-4920-b82c-fddf1b92a15b/resourceGroups/ic7602-proyecto1/providers/Microsoft.Network/virtualNetworks/proyecto1-network/subnets/subred1",
            "timeouts": null
          },
          "sensitive_attributes": [],
          "private": "eyJlMmJmYjczMC1lY2FhLTExZTYtOGY4OC0zNDM2M2JjN2M0YzAiOnsiY3JlYXRlIjoxODAwMDAwMDAwMDAwLCJkZWxldGUiOjE4MDAwMDAwMDAwMDAsInJlYWQiOjMwMDAwMDAwMDAwMCwidXBkYXRlIjoxODAwMDAwMDAwMDAwfX0=",
          "dependencies": [
            "azurerm_nat_gateway.nat1",
            "azurerm_resource_group.main",
            "azurerm_subnet.subred1",
            "azurerm_virtual_network.vnetwork"
          ]
        }
      ]
    },
    {
      "mode": "managed",
      "type": "azurerm_subnet_nat_gateway_association",
      "name": "subred2",
      "provider": "provider[\"registry.terraform.io/hashicorp/azurerm\"]",
      "instances": [
        {
          "schema_version": 0,
          "attributes": {
            "id": "/subscriptions/75a21a4f-da9a-4920-b82c-fddf1b92a15b/resourceGroups/ic7602-proyecto1/providers/Microsoft.Network/virtualNetworks/proyecto1-network/subnets/subred2",
            "nat_gateway_id": "/subscriptions/75a21a4f-da9a-4920-b82c-fddf1b92a15b/resourceGroups/ic7602-proyecto1/providers/Microsoft.Network/natGateways/nat1",
            "subnet_id": "/subscriptions/75a21a4f-da9a-4920-b82c-fddf1b92a15b/resourceGroups/ic7602-proyecto1/providers/Microsoft.Network/virtualNetworks/proyecto1-network/subnets/subred2",
            "timeouts": null
          },
          "sensitive_attributes": [],
          "private": "eyJlMmJmYjczMC1lY2FhLTExZTYtOGY4OC0zNDM2M2JjN2M0YzAiOnsiY3JlYXRlIjoxODAwMDAwMDAwMDAwLCJkZWxldGUiOjE4MDAwMDAwMDAwMDAsInJlYWQiOjMwMDAwMDAwMDAwMCwidXBkYXRlIjoxODAwMDAwMDAwMDAwfX0=",
          "dependencies": [
            "azurerm_nat_gateway.nat1",
            "azurerm_resource_group.main",
            "azurerm_subnet.subred2",
            "azurerm_virtual_network.vnetwork"
          ]
        }
      ]
    },
    {
      "mode": "managed",
      "type": "azurerm_subnet_nat_gateway_association",
      "name": "subred3",
      "provider": "provider[\"registry.terraform.io/hashicorp/azurerm\"]",
      "instances": [
        {
          "schema_version": 0,
          "attributes": {
            "id": "/subscriptions/75a21a4f-da9a-4920-b82c-fddf1b92a15b/resourceGroups/ic7602-proyecto1/providers/Microsoft.Network/virtualNetworks/proyecto1-network/subnets/subred3",
            "nat_gateway_id": "/subscriptions/75a21a4f-da9a-4920-b82c-fddf1b92a15b/resourceGroups/ic7602-proyecto1/providers/Microsoft.Network/natGateways/nat1",
            "subnet_id": "/subscriptions/75a21a4f-da9a-4920-b82c-fddf1b92a15b/resourceGroups/ic7602-proyecto1/providers/Microsoft.Network/virtualNetworks/proyecto1-network/subnets/subred3",
            "timeouts": null
          },
          "sensitive_attributes": [],
          "private": "eyJlMmJmYjczMC1lY2FhLTExZTYtOGY4OC0zNDM2M2JjN2M0YzAiOnsiY3JlYXRlIjoxODAwMDAwMDAwMDAwLCJkZWxldGUiOjE4MDAwMDAwMDAwMDAsInJlYWQiOjMwMDAwMDAwMDAwMCwidXBkYXRlIjoxODAwMDAwMDAwMDAwfX0=",
          "dependencies": [
            "azurerm_nat_gateway.nat1",
            "azurerm_resource_group.main",
            "azurerm_subnet.subred3",
            "azurerm_virtual_network.vnetwork"
          ]
        }
      ]
    },
    {
      "mode": "managed",
      "type": "azurerm_subnet_network_security_group_association",
      "name": "subred1",
      "provider": "provider[\"registry.terraform.io/hashicorp/azurerm\"]",
      "instances": [
        {
          "schema_version": 0,
          "attributes": {
            "id": "/subscriptions/75a21a4f-da9a-4920-b82c-fddf1b92a15b/resourceGroups/ic7602-proyecto1/providers/Microsoft.Network/virtualNetworks/proyecto1-network/subnets/subred1",
            "network_security_group_id": "/subscriptions/75a21a4f-da9a-4920-b82c-fddf1b92a15b/resourceGroups/ic7602-proyecto1/providers/Microsoft.Network/networkSecurityGroups/main-sg",
            "subnet_id": "/subscriptions/75a21a4f-da9a-4920-b82c-fddf1b92a15b/resourceGroups/ic7602-proyecto1/providers/Microsoft.Network/virtualNetworks/proyecto1-network/subnets/subred1",
            "timeouts": null
          },
          "sensitive_attributes": [],
          "private": "eyJlMmJmYjczMC1lY2FhLTExZTYtOGY4OC0zNDM2M2JjN2M0YzAiOnsiY3JlYXRlIjoxODAwMDAwMDAwMDAwLCJkZWxldGUiOjE4MDAwMDAwMDAwMDAsInJlYWQiOjMwMDAwMDAwMDAwMCwidXBkYXRlIjoxODAwMDAwMDAwMDAwfX0=",
          "dependencies": [
            "azurerm_network_security_group.main",
            "azurerm_resource_group.main",
            "azurerm_subnet.subred1",
            "azurerm_virtual_network.vnetwork"
          ]
        }
      ]
    },
    {
      "mode": "managed",
      "type": "azurerm_subnet_network_security_group_association",
      "name": "subred2",
      "provider": "provider[\"registry.terraform.io/hashicorp/azurerm\"]",
      "instances": [
        {
          "schema_version": 0,
          "attributes": {
            "id": "/subscriptions/75a21a4f-da9a-4920-b82c-fddf1b92a15b/resourceGroups/ic7602-proyecto1/providers/Microsoft.Network/virtualNetworks/proyecto1-network/subnets/subred2",
            "network_security_group_id": "/subscriptions/75a21a4f-da9a-4920-b82c-fddf1b92a15b/resourceGroups/ic7602-proyecto1/providers/Microsoft.Network/networkSecurityGroups/main-sg",
            "subnet_id": "/subscriptions/75a21a4f-da9a-4920-b82c-fddf1b92a15b/resourceGroups/ic7602-proyecto1/providers/Microsoft.Network/virtualNetworks/proyecto1-network/subnets/subred2",
            "timeouts": null
          },
          "sensitive_attributes": [],
          "private": "eyJlMmJmYjczMC1lY2FhLTExZTYtOGY4OC0zNDM2M2JjN2M0YzAiOnsiY3JlYXRlIjoxODAwMDAwMDAwMDAwLCJkZWxldGUiOjE4MDAwMDAwMDAwMDAsInJlYWQiOjMwMDAwMDAwMDAwMCwidXBkYXRlIjoxODAwMDAwMDAwMDAwfX0=",
          "dependencies": [
            "azurerm_network_security_group.main",
            "azurerm_resource_group.main",
            "azurerm_subnet.subred2",
            "azurerm_virtual_network.vnetwork"
          ]
        }
      ]
    },
    {
      "mode": "managed",
      "type": "azurerm_subnet_network_security_group_association",
      "name": "subred3",
      "provider": "provider[\"registry.terraform.io/hashicorp/azurerm\"]",
      "instances": [
        {
          "schema_version": 0,
          "attributes": {
            "id": "/subscriptions/75a21a4f-da9a-4920-b82c-fddf1b92a15b/resourceGroups/ic7602-proyecto1/providers/Microsoft.Network/virtualNetworks/proyecto1-network/subnets/subred3",
            "network_security_group_id": "/subscriptions/75a21a4f-da9a-4920-b82c-fddf1b92a15b/resourceGroups/ic7602-proyecto1/providers/Microsoft.Network/networkSecurityGroups/main-sg",
            "subnet_id": "/subscriptions/75a21a4f-da9a-4920-b82c-fddf1b92a15b/resourceGroups/ic7602-proyecto1/providers/Microsoft.Network/virtualNetworks/proyecto1-network/subnets/subred3",
            "timeouts": null
          },
          "sensitive_attributes": [],
          "private": "eyJlMmJmYjczMC1lY2FhLTExZTYtOGY4OC0zNDM2M2JjN2M0YzAiOnsiY3JlYXRlIjoxODAwMDAwMDAwMDAwLCJkZWxldGUiOjE4MDAwMDAwMDAwMDAsInJlYWQiOjMwMDAwMDAwMDAwMCwidXBkYXRlIjoxODAwMDAwMDAwMDAwfX0=",
          "dependencies": [
            "azurerm_network_security_group.main",
            "azurerm_resource_group.main",
            "azurerm_subnet.subred3",
            "azurerm_virtual_network.vnetwork"
          ]
        }
      ]
    },
    {
      "mode": "managed",
      "type": "azurerm_subnet_route_table_association",
      "name": "subred1",
      "provider": "provider[\"registry.terraform.io/hashicorp/azurerm\"]",
      "instances": [
        {
          "schema_version": 0,
          "attributes": {
            "id": "/subscriptions/75a21a4f-da9a-4920-b82c-fddf1b92a15b/resourceGroups/ic7602-proyecto1/providers/Microsoft.Network/virtualNetworks/proyecto1-network/subnets/subred1",
            "route_table_id": "/subscriptions/75a21a4f-da9a-4920-b82c-fddf1b92a15b/resourceGroups/ic7602-proyecto1/providers/Microsoft.Network/routeTables/subred1-routetable",
            "subnet_id": "/subscriptions/75a21a4f-da9a-4920-b82c-fddf1b92a15b/resourceGroups/ic7602-proyecto1/providers/Microsoft.Network/virtualNetworks/proyecto1-network/subnets/subred1",
            "timeouts": null
          },
          "sensitive_attributes": [],
          "private": "eyJlMmJmYjczMC1lY2FhLTExZTYtOGY4OC0zNDM2M2JjN2M0YzAiOnsiY3JlYXRlIjoxODAwMDAwMDAwMDAwLCJkZWxldGUiOjE4MDAwMDAwMDAwMDAsInJlYWQiOjMwMDAwMDAwMDAwMCwidXBkYXRlIjoxODAwMDAwMDAwMDAwfX0=",
          "dependencies": [
            "azurerm_resource_group.main",
            "azurerm_route_table.subred1",
            "azurerm_subnet.subred1",
            "azurerm_virtual_network.vnetwork"
          ]
        }
      ]
    },
    {
      "mode": "managed",
      "type": "azurerm_virtual_network",
      "name": "vnetwork",
      "provider": "provider[\"registry.terraform.io/hashicorp/azurerm\"]",
      "instances": [
        {
          "schema_version": 0,
          "attributes": {
            "address_space": [
              "10.0.0.0/8"
            ],
            "bgp_community": "",
            "ddos_protection_plan": [],
            "dns_servers": [],
            "edge_zone": "",
            "flow_timeout_in_minutes": 0,
            "guid": "ceb17464-4cfb-43fc-b5c3-b3c65fcbd4ed",
            "id": "/subscriptions/75a21a4f-da9a-4920-b82c-fddf1b92a15b/resourceGroups/ic7602-proyecto1/providers/Microsoft.Network/virtualNetworks/proyecto1-network",
            "location": "eastus",
            "name": "proyecto1-network",
            "resource_group_name": "ic7602-proyecto1",
            "subnet": [
              {
                "address_prefix": "10.0.0.0/22",
                "id": "/subscriptions/75a21a4f-da9a-4920-b82c-fddf1b92a15b/resourceGroups/ic7602-proyecto1/providers/Microsoft.Network/virtualNetworks/proyecto1-network/subnets/subred1",
                "name": "subred1",
                "security_group": "/subscriptions/75a21a4f-da9a-4920-b82c-fddf1b92a15b/resourceGroups/ic7602-proyecto1/providers/Microsoft.Network/networkSecurityGroups/main-sg"
              },
              {
                "address_prefix": "10.0.4.0/22",
                "id": "/subscriptions/75a21a4f-da9a-4920-b82c-fddf1b92a15b/resourceGroups/ic7602-proyecto1/providers/Microsoft.Network/virtualNetworks/proyecto1-network/subnets/subred2",
                "name": "subred2",
                "security_group": "/subscriptions/75a21a4f-da9a-4920-b82c-fddf1b92a15b/resourceGroups/ic7602-proyecto1/providers/Microsoft.Network/networkSecurityGroups/main-sg"
              },
              {
                "address_prefix": "10.0.8.0/22",
                "id": "/subscriptions/75a21a4f-da9a-4920-b82c-fddf1b92a15b/resourceGroups/ic7602-proyecto1/providers/Microsoft.Network/virtualNetworks/proyecto1-network/subnets/subred3",
                "name": "subred3",
                "security_group": "/subscriptions/75a21a4f-da9a-4920-b82c-fddf1b92a15b/resourceGroups/ic7602-proyecto1/providers/Microsoft.Network/networkSecurityGroups/main-sg"
              }
            ],
            "tags": {},
            "timeouts": null
          },
          "sensitive_attributes": [],
          "private": "eyJlMmJmYjczMC1lY2FhLTExZTYtOGY4OC0zNDM2M2JjN2M0YzAiOnsiY3JlYXRlIjoxODAwMDAwMDAwMDAwLCJkZWxldGUiOjE4MDAwMDAwMDAwMDAsInJlYWQiOjMwMDAwMDAwMDAwMCwidXBkYXRlIjoxODAwMDAwMDAwMDAwfX0=",
          "dependencies": [
            "azurerm_resource_group.main"
          ]
        }
      ]
    }
  ],
  "check_results": null
}
