{
  "version": 4,
  "terraform_version": "1.4.4",
  "serial": 553,
  "lineage": "83b52946-8561-4c76-118f-1b0124577e95",
  "outputs": {
    "rg_id": {
      "value": "/subscriptions/75a21a4f-da9a-4920-b82c-fddf1b92a15b/resourceGroups/ic7602-dns",
      "type": "string"
    },
    "rg_name": {
      "value": "ic7602-dns",
      "type": "string"
    }
  },
  "resources": [
    {
      "mode": "data",
      "type": "template_file",
      "name": "apache-vm-cloud-init",
      "provider": "provider[\"registry.terraform.io/hashicorp/template\"]",
      "instances": [
        {
          "schema_version": 0,
          "attributes": {
            "filename": null,
            "id": "f2f808e3d7d371460e2475260e249a8d8ce5472bbf3ab8c76931fba149f1b80d",
            "rendered": "#! /bin/bash\nsudo apt-get update  \nsudo apt-get install -y apache2\nwget https://packages.chef.io/files/stable/chef-workstation/21.10.640/ubuntu/20.04/chef-workstation_21.10.640-1_amd64.deb\nsudo dpkg -i chef-workstation_21.10.640-1_amd64.deb\ncd /home/iusr\nsudo chef generate repo chef-repo --chef-license accept\nsudo git clone https://github.com/MrLuis137/Proyecto-Redes.git\ncd Proyecto-redes/infrastructure/chef-repo\n",
            "template": "#! /bin/bash\nsudo apt-get update  \nsudo apt-get install -y apache2\nwget https://packages.chef.io/files/stable/chef-workstation/21.10.640/ubuntu/20.04/chef-workstation_21.10.640-1_amd64.deb\nsudo dpkg -i chef-workstation_21.10.640-1_amd64.deb\ncd /home/iusr\nsudo chef generate repo chef-repo --chef-license accept\nsudo git clone https://github.com/MrLuis137/Proyecto-Redes.git\ncd Proyecto-redes/infrastructure/chef-repo\n",
            "vars": null
          },
          "sensitive_attributes": []
        }
      ]
    },
    {
      "mode": "data",
      "type": "template_file",
      "name": "dns-vm-cloud-init",
      "provider": "provider[\"registry.terraform.io/hashicorp/template\"]",
      "instances": [
        {
          "schema_version": 0,
          "attributes": {
            "filename": null,
            "id": "1279758171620d54bc76c663c81241bd15e71e46a411b71baa8f17376d9ae574",
            "rendered": "#! /bin/bash\nsudo apt-get update  \nsudo apt-get install -y apache2\nwget https://packages.chef.io/files/stable/chef-workstation/21.10.640/ubuntu/20.04/chef-workstation_21.10.640-1_amd64.deb\nsudo dpkg -i chef-workstation_21.10.640-1_amd64.deb\ncd /home/iusr\nsudo chef generate repo chef-repo --chef-license accept\nsudo git clone https://github.com/Fio24/DNS_proyectoRedes.git\ncd DNS_proyectoRedes/infrastructure/chef-repo\nsudo chef-solo -c solo.rb -j node.json --log-level debug",
            "template": "#! /bin/bash\nsudo apt-get update  \nsudo apt-get install -y apache2\nwget https://packages.chef.io/files/stable/chef-workstation/21.10.640/ubuntu/20.04/chef-workstation_21.10.640-1_amd64.deb\nsudo dpkg -i chef-workstation_21.10.640-1_amd64.deb\ncd /home/iusr\nsudo chef generate repo chef-repo --chef-license accept\nsudo git clone https://github.com/Fio24/DNS_proyectoRedes.git\ncd DNS_proyectoRedes/infrastructure/chef-repo\nsudo chef-solo -c solo.rb -j node.json --log-level debug",
            "vars": null
          },
          "sensitive_attributes": []
        }
      ]
    },
    {
      "mode": "managed",
      "type": "azurerm_network_interface",
      "name": "apache1",
      "provider": "provider[\"registry.terraform.io/hashicorp/azurerm\"]",
      "instances": [
        {
          "schema_version": 0,
          "attributes": {
            "applied_dns_servers": [],
            "dns_servers": [],
            "edge_zone": "",
            "enable_accelerated_networking": false,
            "enable_ip_forwarding": false,
            "id": "/subscriptions/75a21a4f-da9a-4920-b82c-fddf1b92a15b/resourceGroups/ic7602-proyecto1/providers/Microsoft.Network/networkInterfaces/apache1-nic",
            "internal_dns_name_label": "",
            "internal_domain_name_suffix": "xnxcx14x3reejnhkqdcmyj5ofc.bx.internal.cloudapp.net",
            "ip_configuration": [
              {
                "gateway_load_balancer_frontend_ip_configuration_id": "",
                "name": "main",
                "primary": true,
                "private_ip_address": "10.0.2.5",
                "private_ip_address_allocation": "Dynamic",
                "private_ip_address_version": "IPv4",
                "public_ip_address_id": "/subscriptions/75a21a4f-da9a-4920-b82c-fddf1b92a15b/resourceGroups/ic7602-proyecto1/providers/Microsoft.Network/publicIPAddresses/apache1-ip",
                "subnet_id": "/subscriptions/75a21a4f-da9a-4920-b82c-fddf1b92a15b/resourceGroups/ic7602-proyecto1/providers/Microsoft.Network/virtualNetworks/dns-network/subnets/main"
              }
            ],
            "location": "eastus",
            "mac_address": "00-22-48-24-CD-40",
            "name": "apache1-nic",
            "private_ip_address": "10.0.2.5",
            "private_ip_addresses": [
              "10.0.2.5"
            ],
            "resource_group_name": "ic7602-proyecto1",
            "tags": {},
            "timeouts": null,
            "virtual_machine_id": "/subscriptions/75a21a4f-da9a-4920-b82c-fddf1b92a15b/resourceGroups/ic7602-proyecto1/providers/Microsoft.Compute/virtualMachines/apache1-vm"
          },
          "sensitive_attributes": [],
          "private": "eyJlMmJmYjczMC1lY2FhLTExZTYtOGY4OC0zNDM2M2JjN2M0YzAiOnsiY3JlYXRlIjoxODAwMDAwMDAwMDAwLCJkZWxldGUiOjE4MDAwMDAwMDAwMDAsInJlYWQiOjMwMDAwMDAwMDAwMCwidXBkYXRlIjoxODAwMDAwMDAwMDAwfX0=",
          "dependencies": [
            "azurerm_public_ip.apache1",
            "azurerm_resource_group.main",
            "azurerm_subnet.dns",
            "azurerm_virtual_network.dns"
          ]
        }
      ]
    },
    {
      "mode": "managed",
      "type": "azurerm_network_interface",
      "name": "apache2",
      "provider": "provider[\"registry.terraform.io/hashicorp/azurerm\"]",
      "instances": [
        {
          "schema_version": 0,
          "attributes": {
            "applied_dns_servers": [],
            "dns_servers": [],
            "edge_zone": "",
            "enable_accelerated_networking": false,
            "enable_ip_forwarding": false,
            "id": "/subscriptions/75a21a4f-da9a-4920-b82c-fddf1b92a15b/resourceGroups/ic7602-proyecto1/providers/Microsoft.Network/networkInterfaces/apache2-nic",
            "internal_dns_name_label": "",
            "internal_domain_name_suffix": "xnxcx14x3reejnhkqdcmyj5ofc.bx.internal.cloudapp.net",
            "ip_configuration": [
              {
                "gateway_load_balancer_frontend_ip_configuration_id": "",
                "name": "main",
                "primary": true,
                "private_ip_address": "10.0.2.6",
                "private_ip_address_allocation": "Dynamic",
                "private_ip_address_version": "IPv4",
                "public_ip_address_id": "/subscriptions/75a21a4f-da9a-4920-b82c-fddf1b92a15b/resourceGroups/ic7602-proyecto1/providers/Microsoft.Network/publicIPAddresses/apache2-ip",
                "subnet_id": "/subscriptions/75a21a4f-da9a-4920-b82c-fddf1b92a15b/resourceGroups/ic7602-proyecto1/providers/Microsoft.Network/virtualNetworks/dns-network/subnets/main"
              }
            ],
            "location": "eastus",
            "mac_address": "60-45-BD-A7-D5-FA",
            "name": "apache2-nic",
            "private_ip_address": "10.0.2.6",
            "private_ip_addresses": [
              "10.0.2.6"
            ],
            "resource_group_name": "ic7602-proyecto1",
            "tags": {},
            "timeouts": null,
            "virtual_machine_id": "/subscriptions/75a21a4f-da9a-4920-b82c-fddf1b92a15b/resourceGroups/ic7602-proyecto1/providers/Microsoft.Compute/virtualMachines/apache2-vm"
          },
          "sensitive_attributes": [],
          "private": "eyJlMmJmYjczMC1lY2FhLTExZTYtOGY4OC0zNDM2M2JjN2M0YzAiOnsiY3JlYXRlIjoxODAwMDAwMDAwMDAwLCJkZWxldGUiOjE4MDAwMDAwMDAwMDAsInJlYWQiOjMwMDAwMDAwMDAwMCwidXBkYXRlIjoxODAwMDAwMDAwMDAwfX0=",
          "dependencies": [
            "azurerm_public_ip.apache2",
            "azurerm_resource_group.main",
            "azurerm_subnet.dns",
            "azurerm_virtual_network.dns"
          ]
        }
      ]
    },
    {
      "mode": "managed",
      "type": "azurerm_network_interface",
      "name": "dns",
      "provider": "provider[\"registry.terraform.io/hashicorp/azurerm\"]",
      "instances": [
        {
          "schema_version": 0,
          "attributes": {
            "applied_dns_servers": [],
            "dns_servers": [],
            "edge_zone": "",
            "enable_accelerated_networking": false,
            "enable_ip_forwarding": false,
            "id": "/subscriptions/75a21a4f-da9a-4920-b82c-fddf1b92a15b/resourceGroups/ic7602-proyecto1/providers/Microsoft.Network/networkInterfaces/dns-nic",
            "internal_dns_name_label": "",
            "internal_domain_name_suffix": "xnxcx14x3reejnhkqdcmyj5ofc.bx.internal.cloudapp.net",
            "ip_configuration": [
              {
                "gateway_load_balancer_frontend_ip_configuration_id": "",
                "name": "main",
                "primary": true,
                "private_ip_address": "10.0.2.4",
                "private_ip_address_allocation": "Dynamic",
                "private_ip_address_version": "IPv4",
                "public_ip_address_id": "/subscriptions/75a21a4f-da9a-4920-b82c-fddf1b92a15b/resourceGroups/ic7602-proyecto1/providers/Microsoft.Network/publicIPAddresses/dns-ip",
                "subnet_id": "/subscriptions/75a21a4f-da9a-4920-b82c-fddf1b92a15b/resourceGroups/ic7602-proyecto1/providers/Microsoft.Network/virtualNetworks/dns-network/subnets/main"
              }
            ],
            "location": "eastus",
            "mac_address": "",
            "name": "dns-nic",
            "private_ip_address": "10.0.2.4",
            "private_ip_addresses": [
              "10.0.2.4"
            ],
            "resource_group_name": "ic7602-proyecto1",
            "tags": null,
            "timeouts": null,
            "virtual_machine_id": ""
          },
          "sensitive_attributes": [],
          "private": "eyJlMmJmYjczMC1lY2FhLTExZTYtOGY4OC0zNDM2M2JjN2M0YzAiOnsiY3JlYXRlIjoxODAwMDAwMDAwMDAwLCJkZWxldGUiOjE4MDAwMDAwMDAwMDAsInJlYWQiOjMwMDAwMDAwMDAwMCwidXBkYXRlIjoxODAwMDAwMDAwMDAwfX0=",
          "dependencies": [
            "azurerm_public_ip.dns",
            "azurerm_resource_group.main",
            "azurerm_subnet.dns"
          ]
        }
      ]
    },
    {
      "mode": "managed",
      "type": "azurerm_public_ip",
      "name": "apache1",
      "provider": "provider[\"registry.terraform.io/hashicorp/azurerm\"]",
      "instances": [
        {
          "schema_version": 0,
          "attributes": {
            "allocation_method": "Static",
            "ddos_protection_mode": "VirtualNetworkInherited",
            "ddos_protection_plan_id": null,
            "domain_name_label": null,
            "edge_zone": "",
            "fqdn": null,
            "id": "/subscriptions/75a21a4f-da9a-4920-b82c-fddf1b92a15b/resourceGroups/ic7602-proyecto1/providers/Microsoft.Network/publicIPAddresses/apache1-ip",
            "idle_timeout_in_minutes": 4,
            "ip_address": "172.173.178.141",
            "ip_tags": {},
            "ip_version": "IPv4",
            "location": "eastus",
            "name": "apache1-ip",
            "public_ip_prefix_id": null,
            "resource_group_name": "ic7602-proyecto1",
            "reverse_fqdn": null,
            "sku": "Basic",
            "sku_tier": "Regional",
            "tags": {},
            "timeouts": null,
            "zones": []
          },
          "sensitive_attributes": [],
          "private": "eyJlMmJmYjczMC1lY2FhLTExZTYtOGY4OC0zNDM2M2JjN2M0YzAiOnsiY3JlYXRlIjoxODAwMDAwMDAwMDAwLCJkZWxldGUiOjE4MDAwMDAwMDAwMDAsInJlYWQiOjMwMDAwMDAwMDAwMCwidXBkYXRlIjoxODAwMDAwMDAwMDAwfX0=",
          "dependencies": [
            "azurerm_resource_group.main"
          ]
        }
      ]
    },
    {
      "mode": "managed",
      "type": "azurerm_public_ip",
      "name": "apache2",
      "provider": "provider[\"registry.terraform.io/hashicorp/azurerm\"]",
      "instances": [
        {
          "schema_version": 0,
          "attributes": {
            "allocation_method": "Static",
            "ddos_protection_mode": "VirtualNetworkInherited",
            "ddos_protection_plan_id": null,
            "domain_name_label": null,
            "edge_zone": "",
            "fqdn": null,
            "id": "/subscriptions/75a21a4f-da9a-4920-b82c-fddf1b92a15b/resourceGroups/ic7602-proyecto1/providers/Microsoft.Network/publicIPAddresses/apache2-ip",
            "idle_timeout_in_minutes": 4,
            "ip_address": "4.227.244.216",
            "ip_tags": {},
            "ip_version": "IPv4",
            "location": "eastus",
            "name": "apache2-ip",
            "public_ip_prefix_id": null,
            "resource_group_name": "ic7602-proyecto1",
            "reverse_fqdn": null,
            "sku": "Basic",
            "sku_tier": "Regional",
            "tags": {},
            "timeouts": null,
            "zones": []
          },
          "sensitive_attributes": [],
          "private": "eyJlMmJmYjczMC1lY2FhLTExZTYtOGY4OC0zNDM2M2JjN2M0YzAiOnsiY3JlYXRlIjoxODAwMDAwMDAwMDAwLCJkZWxldGUiOjE4MDAwMDAwMDAwMDAsInJlYWQiOjMwMDAwMDAwMDAwMCwidXBkYXRlIjoxODAwMDAwMDAwMDAwfX0=",
          "dependencies": [
            "azurerm_resource_group.main"
          ]
        }
      ]
    },
    {
      "mode": "managed",
      "type": "azurerm_public_ip",
      "name": "dns",
      "provider": "provider[\"registry.terraform.io/hashicorp/azurerm\"]",
      "instances": [
        {
          "schema_version": 0,
          "attributes": {
            "allocation_method": "Static",
            "ddos_protection_mode": "VirtualNetworkInherited",
            "ddos_protection_plan_id": null,
            "domain_name_label": null,
            "edge_zone": "",
            "fqdn": null,
            "id": "/subscriptions/75a21a4f-da9a-4920-b82c-fddf1b92a15b/resourceGroups/ic7602-proyecto1/providers/Microsoft.Network/publicIPAddresses/dns-ip",
            "idle_timeout_in_minutes": 4,
            "ip_address": "52.149.155.47",
            "ip_tags": {},
            "ip_version": "IPv4",
            "location": "eastus",
            "name": "dns-ip",
            "public_ip_prefix_id": null,
            "resource_group_name": "ic7602-proyecto1",
            "reverse_fqdn": null,
            "sku": "Basic",
            "sku_tier": "Regional",
            "tags": {},
            "timeouts": null,
            "zones": []
          },
          "sensitive_attributes": [],
          "private": "eyJlMmJmYjczMC1lY2FhLTExZTYtOGY4OC0zNDM2M2JjN2M0YzAiOnsiY3JlYXRlIjoxODAwMDAwMDAwMDAwLCJkZWxldGUiOjE4MDAwMDAwMDAwMDAsInJlYWQiOjMwMDAwMDAwMDAwMCwidXBkYXRlIjoxODAwMDAwMDAwMDAwfX0=",
          "dependencies": [
            "azurerm_resource_group.main"
          ]
        }
      ]
    },
    {
      "mode": "managed",
      "type": "azurerm_resource_group",
      "name": "dns",
      "provider": "provider[\"registry.terraform.io/hashicorp/azurerm\"]",
      "instances": [
        {
          "schema_version": 0,
          "attributes": {
            "id": "/subscriptions/75a21a4f-da9a-4920-b82c-fddf1b92a15b/resourceGroups/ic7602-dns",
            "location": "eastus",
            "name": "ic7602-dns",
            "tags": {},
            "timeouts": null
          },
          "sensitive_attributes": [],
          "private": "eyJlMmJmYjczMC1lY2FhLTExZTYtOGY4OC0zNDM2M2JjN2M0YzAiOnsiY3JlYXRlIjo1NDAwMDAwMDAwMDAwLCJkZWxldGUiOjU0MDAwMDAwMDAwMDAsInJlYWQiOjMwMDAwMDAwMDAwMCwidXBkYXRlIjo1NDAwMDAwMDAwMDAwfX0="
        }
      ]
    },
    {
      "mode": "managed",
      "type": "azurerm_resource_group",
      "name": "main",
      "provider": "provider[\"registry.terraform.io/hashicorp/azurerm\"]",
      "instances": [
        {
          "schema_version": 0,
          "attributes": {
            "id": "/subscriptions/75a21a4f-da9a-4920-b82c-fddf1b92a15b/resourceGroups/ic7602-proyecto1",
            "location": "eastus",
            "name": "ic7602-proyecto1",
            "tags": {},
            "timeouts": null
          },
          "sensitive_attributes": [],
          "private": "eyJlMmJmYjczMC1lY2FhLTExZTYtOGY4OC0zNDM2M2JjN2M0YzAiOnsiY3JlYXRlIjo1NDAwMDAwMDAwMDAwLCJkZWxldGUiOjU0MDAwMDAwMDAwMDAsInJlYWQiOjMwMDAwMDAwMDAwMCwidXBkYXRlIjo1NDAwMDAwMDAwMDAwfX0="
        }
      ]
    },
    {
      "mode": "managed",
      "type": "azurerm_subnet",
      "name": "dns",
      "provider": "provider[\"registry.terraform.io/hashicorp/azurerm\"]",
      "instances": [
        {
          "schema_version": 0,
          "attributes": {
            "address_prefixes": [
              "10.0.2.0/24"
            ],
            "delegation": [],
            "enforce_private_link_endpoint_network_policies": false,
            "enforce_private_link_service_network_policies": false,
            "id": "/subscriptions/75a21a4f-da9a-4920-b82c-fddf1b92a15b/resourceGroups/ic7602-proyecto1/providers/Microsoft.Network/virtualNetworks/dns-network/subnets/main",
            "name": "main",
            "private_endpoint_network_policies_enabled": true,
            "private_link_service_network_policies_enabled": true,
            "resource_group_name": "ic7602-proyecto1",
            "service_endpoint_policy_ids": [],
            "service_endpoints": [],
            "timeouts": null,
            "virtual_network_name": "dns-network"
          },
          "sensitive_attributes": [],
          "private": "eyJlMmJmYjczMC1lY2FhLTExZTYtOGY4OC0zNDM2M2JjN2M0YzAiOnsiY3JlYXRlIjoxODAwMDAwMDAwMDAwLCJkZWxldGUiOjE4MDAwMDAwMDAwMDAsInJlYWQiOjMwMDAwMDAwMDAwMCwidXBkYXRlIjoxODAwMDAwMDAwMDAwfX0=",
          "dependencies": [
            "azurerm_resource_group.main",
            "azurerm_virtual_network.dns"
          ]
        }
      ]
    },
    {
      "mode": "managed",
      "type": "azurerm_virtual_machine",
      "name": "apache1",
      "provider": "provider[\"registry.terraform.io/hashicorp/azurerm\"]",
      "instances": [
        {
          "schema_version": 0,
          "attributes": {
            "additional_capabilities": [],
            "availability_set_id": null,
            "boot_diagnostics": [],
            "delete_data_disks_on_termination": false,
            "delete_os_disk_on_termination": false,
            "id": "/subscriptions/75a21a4f-da9a-4920-b82c-fddf1b92a15b/resourceGroups/ic7602-proyecto1/providers/Microsoft.Compute/virtualMachines/apache1-vm",
            "identity": [],
            "license_type": null,
            "location": "eastus",
            "name": "apache1-vm",
            "network_interface_ids": [
              "/subscriptions/75a21a4f-da9a-4920-b82c-fddf1b92a15b/resourceGroups/ic7602-proyecto1/providers/Microsoft.Network/networkInterfaces/apache1-nic"
            ],
            "os_profile": [
              {
                "admin_password": "",
                "admin_username": "iusr",
                "computer_name": "apache1-test",
                "custom_data": ""
              }
            ],
            "os_profile_linux_config": [
              {
                "disable_password_authentication": true,
                "ssh_keys": [
                  {
                    "key_data": "ssh-rsa AAAAB3NzaC1yc2EAAAADAQABAAABgQDPNeXSR3dVhgzZksn4lx+L3ByymtlVhQSq0g6PzirwbRKdDbarlWkCrH5KO5hpdbfrqA1Dai9Af3vIkJiZDXTKR3Dteou39WnAuOjsSrGvhjKARh/gwLSWq/IK91VaGep2RR96tL4n8WnQKsikgDgZH6oZ8Fe/5yPm1R8EQQyD3n6BYZXaBdWpJ1YLivt2sUUTnRwdaQCnt8z+G2aUNqeaOhf4ZudxWiWjvvumIITG27QUecnQrQY+j4XCe0fVUZJ2l6zPXt7NBj6oiaeZY0KGP16negakR66PzoL2fNnai0NUFdJAfVxn6qT7sc4Iyu0+PqXSjqcXXoP7xe0RYgE3HOygLr9mjyu7oqKJHefdGvV7lIPIk+2jy0qcqjXGRtgPbqO+dG2wXX0E1YmZTCgAQTjUHe9t54LCEmToCgL5JLrX1Xjs02uJQJBSf19Y4/bhb3+h/rMBgRs+H8Pu7u5VImkGz1M2bQbaWUzGWIEn0HOZYoqp395LEmYsWKal41U= fiore@DESKTOP-FIO\r\n",
                    "path": "/home/iusr/.ssh/authorized_keys"
                  }
                ]
              }
            ],
            "os_profile_secrets": [],
            "os_profile_windows_config": [],
            "plan": [],
            "primary_network_interface_id": null,
            "proximity_placement_group_id": null,
            "resource_group_name": "ic7602-proyecto1",
            "storage_data_disk": [],
            "storage_image_reference": [
              {
                "id": "",
                "offer": "UbuntuServer",
                "publisher": "Canonical",
                "sku": "18.04-LTS",
                "version": "latest"
              }
            ],
            "storage_os_disk": [
              {
                "caching": "ReadWrite",
                "create_option": "FromImage",
                "disk_size_gb": 30,
                "image_uri": "",
                "managed_disk_id": "/subscriptions/75a21a4f-da9a-4920-b82c-fddf1b92a15b/resourceGroups/ic7602-proyecto1/providers/Microsoft.Compute/disks/apache1-disk",
                "managed_disk_type": "Standard_LRS",
                "name": "apache1-disk",
                "os_type": "Linux",
                "vhd_uri": "",
                "write_accelerator_enabled": false
              }
            ],
            "tags": {},
            "timeouts": null,
            "vm_size": "Standard_B1s",
            "zones": []
          },
          "sensitive_attributes": [],
          "private": "eyJlMmJmYjczMC1lY2FhLTExZTYtOGY4OC0zNDM2M2JjN2M0YzAiOnsiY3JlYXRlIjozNjAwMDAwMDAwMDAwLCJkZWxldGUiOjM2MDAwMDAwMDAwMDAsInJlYWQiOjMwMDAwMDAwMDAwMCwidXBkYXRlIjozNjAwMDAwMDAwMDAwfX0=",
          "dependencies": [
            "azurerm_network_interface.apache1",
            "azurerm_public_ip.apache1",
            "azurerm_resource_group.main",
            "azurerm_subnet.dns",
            "azurerm_virtual_network.dns",
            "data.template_file.apache-vm-cloud-init"
          ]
        }
      ]
    },
    {
      "mode": "managed",
      "type": "azurerm_virtual_machine",
      "name": "apache2",
      "provider": "provider[\"registry.terraform.io/hashicorp/azurerm\"]",
      "instances": [
        {
          "schema_version": 0,
          "attributes": {
            "additional_capabilities": [],
            "availability_set_id": null,
            "boot_diagnostics": [],
            "delete_data_disks_on_termination": false,
            "delete_os_disk_on_termination": false,
            "id": "/subscriptions/75a21a4f-da9a-4920-b82c-fddf1b92a15b/resourceGroups/ic7602-proyecto1/providers/Microsoft.Compute/virtualMachines/apache2-vm",
            "identity": [],
            "license_type": null,
            "location": "eastus",
            "name": "apache2-vm",
            "network_interface_ids": [
              "/subscriptions/75a21a4f-da9a-4920-b82c-fddf1b92a15b/resourceGroups/ic7602-proyecto1/providers/Microsoft.Network/networkInterfaces/apache2-nic"
            ],
            "os_profile": [
              {
                "admin_password": "",
                "admin_username": "iusr",
                "computer_name": "apache2-test",
                "custom_data": ""
              }
            ],
            "os_profile_linux_config": [
              {
                "disable_password_authentication": true,
                "ssh_keys": [
                  {
                    "key_data": "ssh-rsa AAAAB3NzaC1yc2EAAAADAQABAAABgQDPNeXSR3dVhgzZksn4lx+L3ByymtlVhQSq0g6PzirwbRKdDbarlWkCrH5KO5hpdbfrqA1Dai9Af3vIkJiZDXTKR3Dteou39WnAuOjsSrGvhjKARh/gwLSWq/IK91VaGep2RR96tL4n8WnQKsikgDgZH6oZ8Fe/5yPm1R8EQQyD3n6BYZXaBdWpJ1YLivt2sUUTnRwdaQCnt8z+G2aUNqeaOhf4ZudxWiWjvvumIITG27QUecnQrQY+j4XCe0fVUZJ2l6zPXt7NBj6oiaeZY0KGP16negakR66PzoL2fNnai0NUFdJAfVxn6qT7sc4Iyu0+PqXSjqcXXoP7xe0RYgE3HOygLr9mjyu7oqKJHefdGvV7lIPIk+2jy0qcqjXGRtgPbqO+dG2wXX0E1YmZTCgAQTjUHe9t54LCEmToCgL5JLrX1Xjs02uJQJBSf19Y4/bhb3+h/rMBgRs+H8Pu7u5VImkGz1M2bQbaWUzGWIEn0HOZYoqp395LEmYsWKal41U= fiore@DESKTOP-FIO\r\n",
                    "path": "/home/iusr/.ssh/authorized_keys"
                  }
                ]
              }
            ],
            "os_profile_secrets": [],
            "os_profile_windows_config": [],
            "plan": [],
            "primary_network_interface_id": null,
            "proximity_placement_group_id": null,
            "resource_group_name": "ic7602-proyecto1",
            "storage_data_disk": [],
            "storage_image_reference": [
              {
                "id": "",
                "offer": "UbuntuServer",
                "publisher": "Canonical",
                "sku": "18.04-LTS",
                "version": "latest"
              }
            ],
            "storage_os_disk": [
              {
                "caching": "ReadWrite",
                "create_option": "FromImage",
                "disk_size_gb": 30,
                "image_uri": "",
                "managed_disk_id": "/subscriptions/75a21a4f-da9a-4920-b82c-fddf1b92a15b/resourceGroups/ic7602-proyecto1/providers/Microsoft.Compute/disks/apache2-disk",
                "managed_disk_type": "Standard_LRS",
                "name": "apache2-disk",
                "os_type": "Linux",
                "vhd_uri": "",
                "write_accelerator_enabled": false
              }
            ],
            "tags": {},
            "timeouts": null,
            "vm_size": "Standard_B1s",
            "zones": []
          },
          "sensitive_attributes": [],
          "private": "eyJlMmJmYjczMC1lY2FhLTExZTYtOGY4OC0zNDM2M2JjN2M0YzAiOnsiY3JlYXRlIjozNjAwMDAwMDAwMDAwLCJkZWxldGUiOjM2MDAwMDAwMDAwMDAsInJlYWQiOjMwMDAwMDAwMDAwMCwidXBkYXRlIjozNjAwMDAwMDAwMDAwfX0=",
          "dependencies": [
            "azurerm_network_interface.apache2",
            "azurerm_public_ip.apache2",
            "azurerm_resource_group.main",
            "azurerm_subnet.dns",
            "azurerm_virtual_network.dns",
            "data.template_file.apache-vm-cloud-init"
          ]
        }
      ]
    },
    {
      "mode": "managed",
      "type": "azurerm_virtual_machine",
      "name": "dns",
      "provider": "provider[\"registry.terraform.io/hashicorp/azurerm\"]",
      "instances": [
        {
          "schema_version": 0,
          "attributes": {
            "additional_capabilities": [],
            "availability_set_id": null,
            "boot_diagnostics": [],
            "delete_data_disks_on_termination": false,
            "delete_os_disk_on_termination": false,
            "id": "/subscriptions/75a21a4f-da9a-4920-b82c-fddf1b92a15b/resourceGroups/ic7602-proyecto1/providers/Microsoft.Compute/virtualMachines/dns-vm",
            "identity": [],
            "license_type": null,
            "location": "eastus",
            "name": "dns-vm",
            "network_interface_ids": [
              "/subscriptions/75a21a4f-da9a-4920-b82c-fddf1b92a15b/resourceGroups/ic7602-proyecto1/providers/Microsoft.Network/networkInterfaces/dns-nic"
            ],
            "os_profile": [
              {
                "admin_password": "",
                "admin_username": "iusr",
                "computer_name": "dns-test",
                "custom_data": "00c32fea655664d9c0e9f50bebe6d3a19c09eff6"
              }
            ],
            "os_profile_linux_config": [
              {
                "disable_password_authentication": true,
                "ssh_keys": [
                  {
                    "key_data": "ssh-rsa AAAAB3NzaC1yc2EAAAADAQABAAABgQDPNeXSR3dVhgzZksn4lx+L3ByymtlVhQSq0g6PzirwbRKdDbarlWkCrH5KO5hpdbfrqA1Dai9Af3vIkJiZDXTKR3Dteou39WnAuOjsSrGvhjKARh/gwLSWq/IK91VaGep2RR96tL4n8WnQKsikgDgZH6oZ8Fe/5yPm1R8EQQyD3n6BYZXaBdWpJ1YLivt2sUUTnRwdaQCnt8z+G2aUNqeaOhf4ZudxWiWjvvumIITG27QUecnQrQY+j4XCe0fVUZJ2l6zPXt7NBj6oiaeZY0KGP16negakR66PzoL2fNnai0NUFdJAfVxn6qT7sc4Iyu0+PqXSjqcXXoP7xe0RYgE3HOygLr9mjyu7oqKJHefdGvV7lIPIk+2jy0qcqjXGRtgPbqO+dG2wXX0E1YmZTCgAQTjUHe9t54LCEmToCgL5JLrX1Xjs02uJQJBSf19Y4/bhb3+h/rMBgRs+H8Pu7u5VImkGz1M2bQbaWUzGWIEn0HOZYoqp395LEmYsWKal41U= fiore@DESKTOP-FIO\r\n",
                    "path": "/home/iusr/.ssh/authorized_keys"
                  }
                ]
              }
            ],
            "os_profile_secrets": [],
            "os_profile_windows_config": [],
            "plan": [],
            "primary_network_interface_id": null,
            "proximity_placement_group_id": null,
            "resource_group_name": "ic7602-proyecto1",
            "storage_data_disk": [],
            "storage_image_reference": [
              {
                "id": "",
                "offer": "UbuntuServer",
                "publisher": "Canonical",
                "sku": "18.04-LTS",
                "version": "latest"
              }
            ],
            "storage_os_disk": [
              {
                "caching": "ReadWrite",
                "create_option": "FromImage",
                "disk_size_gb": 30,
                "image_uri": "",
                "managed_disk_id": "/subscriptions/75a21a4f-da9a-4920-b82c-fddf1b92a15b/resourceGroups/ic7602-proyecto1/providers/Microsoft.Compute/disks/dns-disk",
                "managed_disk_type": "Standard_LRS",
                "name": "dns-disk",
                "os_type": "Linux",
                "vhd_uri": "",
                "write_accelerator_enabled": false
              }
            ],
            "tags": null,
            "timeouts": null,
            "vm_size": "Standard_B1s",
            "zones": null
          },
          "sensitive_attributes": [],
          "private": "eyJlMmJmYjczMC1lY2FhLTExZTYtOGY4OC0zNDM2M2JjN2M0YzAiOnsiY3JlYXRlIjozNjAwMDAwMDAwMDAwLCJkZWxldGUiOjM2MDAwMDAwMDAwMDAsInJlYWQiOjMwMDAwMDAwMDAwMCwidXBkYXRlIjozNjAwMDAwMDAwMDAwfX0=",
          "dependencies": [
            "azurerm_network_interface.dns",
            "azurerm_public_ip.dns",
            "azurerm_resource_group.main",
            "azurerm_subnet.dns",
            "data.template_file.dns-vm-cloud-init"
          ]
        }
      ]
    },
    {
      "mode": "managed",
      "type": "azurerm_virtual_network",
      "name": "dns",
      "provider": "provider[\"registry.terraform.io/hashicorp/azurerm\"]",
      "instances": [
        {
          "schema_version": 0,
          "attributes": {
            "address_space": [
              "10.0.0.0/16"
            ],
            "bgp_community": "",
            "ddos_protection_plan": [],
            "dns_servers": [],
            "edge_zone": "",
            "flow_timeout_in_minutes": 0,
            "guid": "ef2b6ebb-ecd7-4448-b4ea-80c4cc27ee2a",
            "id": "/subscriptions/75a21a4f-da9a-4920-b82c-fddf1b92a15b/resourceGroups/ic7602-proyecto1/providers/Microsoft.Network/virtualNetworks/dns-network",
            "location": "eastus",
            "name": "dns-network",
            "resource_group_name": "ic7602-proyecto1",
            "subnet": [
              {
                "address_prefix": "10.0.2.0/24",
                "id": "/subscriptions/75a21a4f-da9a-4920-b82c-fddf1b92a15b/resourceGroups/ic7602-proyecto1/providers/Microsoft.Network/virtualNetworks/dns-network/subnets/main",
                "name": "main",
                "security_group": ""
              }
            ],
            "tags": {},
            "timeouts": null
          },
          "sensitive_attributes": [],
          "private": "eyJlMmJmYjczMC1lY2FhLTExZTYtOGY4OC0zNDM2M2JjN2M0YzAiOnsiY3JlYXRlIjoxODAwMDAwMDAwMDAwLCJkZWxldGUiOjE4MDAwMDAwMDAwMDAsInJlYWQiOjMwMDAwMDAwMDAwMCwidXBkYXRlIjoxODAwMDAwMDAwMDAwfX0=",
          "dependencies": [
            "azurerm_resource_group.main"
          ]
        }
      ]
    }
  ],
  "check_results": null
}
