{
  "version": 4,
  "terraform_version": "1.4.4",
  "serial": 299,
  "lineage": "83b52946-8561-4c76-118f-1b0124577e95",
  "outputs": {
    "rg_id": {
      "value": "/subscriptions/75a21a4f-da9a-4920-b82c-fddf1b92a15b/resourceGroups/ic7602-proyecto1",
      "type": "string"
    },
    "rg_name": {
      "value": "ic7602-proyecto1",
      "type": "string"
    }
  },
  "resources": [
    {
      "mode": "managed",
      "type": "azurerm_nat_gateway",
      "name": "nat1",
      "provider": "provider[\"registry.terraform.io/hashicorp/azurerm\"]",
      "instances": [
        {
          "schema_version": 0,
          "attributes": {
            "id": "/subscriptions/75a21a4f-da9a-4920-b82c-fddf1b92a15b/resourceGroups/ic7602-proyecto1/providers/Microsoft.Network/natGateways/nat1",
            "idle_timeout_in_minutes": 10,
            "location": "eastus",
            "name": "nat1",
            "resource_group_name": "ic7602-proyecto1",
            "resource_guid": "d3630cf1-0a57-4c89-b876-94fb8a604c06",
            "sku_name": "Standard",
            "tags": {},
            "timeouts": null,
            "zones": [
              "1"
            ]
          },
          "sensitive_attributes": [],
          "private": "eyJlMmJmYjczMC1lY2FhLTExZTYtOGY4OC0zNDM2M2JjN2M0YzAiOnsiY3JlYXRlIjozNjAwMDAwMDAwMDAwLCJkZWxldGUiOjM2MDAwMDAwMDAwMDAsInJlYWQiOjMwMDAwMDAwMDAwMCwidXBkYXRlIjozNjAwMDAwMDAwMDAwfX0=",
          "dependencies": [
            "azurerm_resource_group.main"
          ]
        }
      ]
    },
    {
      "mode": "managed",
      "type": "azurerm_public_ip",
      "name": "nat1",
      "provider": "provider[\"registry.terraform.io/hashicorp/azurerm\"]",
      "instances": [
        {
          "schema_version": 0,
          "attributes": {
            "allocation_method": "Static",
            "ddos_protection_mode": "VirtualNetworkInherited",
            "ddos_protection_plan_id": null,
            "domain_name_label": null,
            "edge_zone": "",
            "fqdn": null,
            "id": "/subscriptions/59b14251-463b-4516-9fb2-bfbe1c43fb59/resourceGroups/ic7602-proyecto1/providers/Microsoft.Network/publicIPAddresses/proyecto1-ip",
            "idle_timeout_in_minutes": 4,
            "ip_address": "20.84.94.17",
            "ip_tags": {},
            "ip_version": "IPv4",
            "location": "eastus",
            "name": "proyecto1-ip",
            "public_ip_prefix_id": null,
            "resource_group_name": "ic7602-proyecto1",
            "reverse_fqdn": null,
            "sku": "Standard",
            "sku_tier": "Regional",
            "tags": {},
            "timeouts": null,
            "zones": [
              "1"
            ]
          },
          "sensitive_attributes": [],
          "private": "eyJlMmJmYjczMC1lY2FhLTExZTYtOGY4OC0zNDM2M2JjN2M0YzAiOnsiY3JlYXRlIjoxODAwMDAwMDAwMDAwLCJkZWxldGUiOjE4MDAwMDAwMDAwMDAsInJlYWQiOjMwMDAwMDAwMDAwMCwidXBkYXRlIjoxODAwMDAwMDAwMDAwfX0=",
          "dependencies": [
            "azurerm_resource_group.main"
          ]
        }
      ]
    },
    {
      "mode": "managed",
      "type": "azurerm_resource_group",
      "name": "main",
      "provider": "provider[\"registry.terraform.io/hashicorp/azurerm\"]",
      "instances": [
        {
          "schema_version": 0,
          "attributes": {
            "id": "/subscriptions/75a21a4f-da9a-4920-b82c-fddf1b92a15b/resourceGroups/ic7602-proyecto1",
            "location": "eastus",
            "name": "ic7602-proyecto1",
            "tags": {},
            "timeouts": null
          },
          "sensitive_attributes": [],
          "private": "eyJlMmJmYjczMC1lY2FhLTExZTYtOGY4OC0zNDM2M2JjN2M0YzAiOnsiY3JlYXRlIjo1NDAwMDAwMDAwMDAwLCJkZWxldGUiOjU0MDAwMDAwMDAwMDAsInJlYWQiOjMwMDAwMDAwMDAwMCwidXBkYXRlIjo1NDAwMDAwMDAwMDAwfX0="
        }
      ]
    }
  ],
  "check_results": null
}
